
Microsoft Visual Studio Solution File, Format Version 12.00
# Visual Studio Version 16
VisualStudioVersion = 16.0.34902.97
MinimumVisualStudioVersion = 10.0.40219.1
Project("{FAE04EC0-301F-11D3-BF4B-00C04F79EFBC}") = "Inventario_Posta_Grupo_05", "Inventario_Posta_Grupo_05\Inventario_Posta_Grupo_05.csproj", "{0946D17D-CF39-49F4-AD1A-4FF80C0CBF3C}"
EndProject
Global
	GlobalSection(SolutionConfigurationPlatforms) = preSolution
		Debug|Any CPU = Debug|Any CPU
		Release|Any CPU = Release|Any CPU
	EndGlobalSection
	GlobalSection(ProjectConfigurationPlatforms) = postSolution
		{0946D17D-CF39-49F4-AD1A-4FF80C0CBF3C}.Debug|Any CPU.ActiveCfg = Debug|Any CPU
		{0946D17D-CF39-49F4-AD1A-4FF80C0CBF3C}.Debug|Any CPU.Build.0 = Debug|Any CPU
		{0946D17D-CF39-49F4-AD1A-4FF80C0CBF3C}.Release|Any CPU.ActiveCfg = Release|Any CPU
		{0946D17D-CF39-49F4-AD1A-4FF80C0CBF3C}.Release|Any CPU.Build.0 = Release|Any CPU
	EndGlobalSection
	GlobalSection(SolutionProperties) = preSolution
		HideSolutionNode = FALSE
	EndGlobalSection
	GlobalSection(ExtensibilityGlobals) = postSolution
		SolutionGuid = {C9CDF988-BC19-48AD-817B-688D94BA5D30}
	EndGlobalSection
EndGlobal
